// !$*UTF8*$!
{
	archiveVersion = 1;
	classes = {
	};
	objectVersion = 46;
	objects = {

/* Begin PBXBuildFile section */
		B7C263FD1C8709E90014AFB2 /* AppDelegate.swift in Sources */ = {isa = PBXBuildFile; fileRef = B7C263FC1C8709E90014AFB2 /* AppDelegate.swift */; };
		B7C263FF1C8709E90014AFB2 /* ViewController.swift in Sources */ = {isa = PBXBuildFile; fileRef = B7C263FE1C8709E90014AFB2 /* ViewController.swift */; };
		B7C264021C8709E90014AFB2 /* Main.storyboard in Resources */ = {isa = PBXBuildFile; fileRef = B7C264001C8709E90014AFB2 /* Main.storyboard */; };
		B7C264041C8709E90014AFB2 /* Assets.xcassets in Resources */ = {isa = PBXBuildFile; fileRef = B7C264031C8709E90014AFB2 /* Assets.xcassets */; };
		B7C264071C8709E90014AFB2 /* LaunchScreen.storyboard in Resources */ = {isa = PBXBuildFile; fileRef = B7C264051C8709E90014AFB2 /* LaunchScreen.storyboard */; };
		B7C264121C8709E90014AFB2 /* redBlueTests.swift in Sources */ = {isa = PBXBuildFile; fileRef = B7C264111C8709E90014AFB2 /* redBlueTests.swift */; };
		B7C2641D1C8709E90014AFB2 /* redBlueUITests.swift in Sources */ = {isa = PBXBuildFile; fileRef = B7C2641C1C8709E90014AFB2 /* redBlueUITests.swift */; };
/* End PBXBuildFile section */

/* Begin PBXContainerItemProxy section */
		B7C2640E1C8709E90014AFB2 /* PBXContainerItemProxy */ = {
			isa = PBXContainerItemProxy;
			containerPortal = B7C263F11C8709E90014AFB2 /* Project object */;
			proxyType = 1;
			remoteGlobalIDString = B7C263F81C8709E90014AFB2;
			remoteInfo = redBlue;
		};
		B7C264191C8709E90014AFB2 /* PBXContainerItemProxy */ = {
			isa = PBXContainerItemProxy;
			containerPortal = B7C263F11C8709E90014AFB2 /* Project object */;
			proxyType = 1;
			remoteGlobalIDString = B7C263F81C8709E90014AFB2;
			remoteInfo = redBlue;
		};
/* End PBXContainerItemProxy section */

/* Begin PBXFileReference section */
		B7C263F91C8709E90014AFB2 /* redBlue.app */ = {isa = PBXFileReference; explicitFileType = wrapper.application; includeInIndex = 0; path = redBlue.app; sourceTree = BUILT_PRODUCTS_DIR; };
		B7C263FC1C8709E90014AFB2 /* AppDelegate.swift */ = {isa = PBXFileReference; lastKnownFileType = sourcecode.swift; path = AppDelegate.swift; sourceTree = "<group>"; };
		B7C263FE1C8709E90014AFB2 /* ViewController.swift */ = {isa = PBXFileReference; lastKnownFileType = sourcecode.swift; path = ViewController.swift; sourceTree = "<group>"; };
		B7C264011C8709E90014AFB2 /* Base */ = {isa = PBXFileReference; lastKnownFileType = file.storyboard; name = Base; path = Base.lproj/Main.storyboard; sourceTree = "<group>"; };
		B7C264031C8709E90014AFB2 /* Assets.xcassets */ = {isa = PBXFileReference; lastKnownFileType = folder.assetcatalog; path = Assets.xcassets; sourceTree = "<group>"; };
		B7C264061C8709E90014AFB2 /* Base */ = {isa = PBXFileReference; lastKnownFileType = file.storyboard; name = Base; path = Base.lproj/LaunchScreen.storyboard; sourceTree = "<group>"; };
		B7C264081C8709E90014AFB2 /* Info.plist */ = {isa = PBXFileReference; lastKnownFileType = text.plist.xml; path = Info.plist; sourceTree = "<group>"; };
		B7C2640D1C8709E90014AFB2 /* redBlueTests.xctest */ = {isa = PBXFileReference; explicitFileType = wrapper.cfbundle; includeInIndex = 0; path = redBlueTests.xctest; sourceTree = BUILT_PRODUCTS_DIR; };
		B7C264111C8709E90014AFB2 /* redBlueTests.swift */ = {isa = PBXFileReference; lastKnownFileType = sourcecode.swift; path = redBlueTests.swift; sourceTree = "<group>"; };
		B7C264131C8709E90014AFB2 /* Info.plist */ = {isa = PBXFileReference; lastKnownFileType = text.plist.xml; path = Info.plist; sourceTree = "<group>"; };
		B7C264181C8709E90014AFB2 /* redBlueUITests.xctest */ = {isa = PBXFileReference; explicitFileType = wrapper.cfbundle; includeInIndex = 0; path = redBlueUITests.xctest; sourceTree = BUILT_PRODUCTS_DIR; };
		B7C2641C1C8709E90014AFB2 /* redBlueUITests.swift */ = {isa = PBXFileReference; lastKnownFileType = sourcecode.swift; path = redBlueUITests.swift; sourceTree = "<group>"; };
		B7C2641E1C8709E90014AFB2 /* Info.plist */ = {isa = PBXFileReference; lastKnownFileType = text.plist.xml; path = Info.plist; sourceTree = "<group>"; };
/* End PBXFileReference section */

/* Begin PBXFrameworksBuildPhase section */
		B7C263F61C8709E90014AFB2 /* Frameworks */ = {
			isa = PBXFrameworksBuildPhase;
			buildActionMask = 2147483647;
			files = (
			);
			runOnlyForDeploymentPostprocessing = 0;
		};
		B7C2640A1C8709E90014AFB2 /* Frameworks */ = {
			isa = PBXFrameworksBuildPhase;
			buildActionMask = 2147483647;
			files = (
			);
			runOnlyForDeploymentPostprocessing = 0;
		};
		B7C264151C8709E90014AFB2 /* Frameworks */ = {
			isa = PBXFrameworksBuildPhase;
			buildActionMask = 2147483647;
			files = (
			);
			runOnlyForDeploymentPostprocessing = 0;
		};
/* End PBXFrameworksBuildPhase section */

/* Begin PBXGroup section */
		B7C263F01C8709E90014AFB2 = {
			isa = PBXGroup;
			children = (
				B7C263FB1C8709E90014AFB2 /* redBlue */,
				B7C264101C8709E90014AFB2 /* redBlueTests */,
				B7C2641B1C8709E90014AFB2 /* redBlueUITests */,
				B7C263FA1C8709E90014AFB2 /* Products */,
			);
			sourceTree = "<group>";
		};
		B7C263FA1C8709E90014AFB2 /* Products */ = {
			isa = PBXGroup;
			children = (
				B7C263F91C8709E90014AFB2 /* redBlue.app */,
				B7C2640D1C8709E90014AFB2 /* redBlueTests.xctest */,
				B7C264181C8709E90014AFB2 /* redBlueUITests.xctest */,
			);
			name = Products;
			sourceTree = "<group>";
		};
		B7C263FB1C8709E90014AFB2 /* redBlue */ = {
			isa = PBXGroup;
			children = (
				B7C263FC1C8709E90014AFB2 /* AppDelegate.swift */,
				B7C263FE1C8709E90014AFB2 /* ViewController.swift */,
				B7C264001C8709E90014AFB2 /* Main.storyboard */,
				B7C264031C8709E90014AFB2 /* Assets.xcassets */,
				B7C264051C8709E90014AFB2 /* LaunchScreen.storyboard */,
				B7C264081C8709E90014AFB2 /* Info.plist */,
			);
			path = redBlue;
			sourceTree = "<group>";
		};
		B7C264101C8709E90014AFB2 /* redBlueTests */ = {
			isa = PBXGroup;
			children = (
				B7C264111C8709E90014AFB2 /* redBlueTests.swift */,
				B7C264131C8709E90014AFB2 /* Info.plist */,
			);
			path = redBlueTests;
			sourceTree = "<group>";
		};
		B7C2641B1C8709E90014AFB2 /* redBlueUITests */ = {
			isa = PBXGroup;
			children = (
				B7C2641C1C8709E90014AFB2 /* redBlueUITests.swift */,
				B7C2641E1C8709E90014AFB2 /* Info.plist */,
			);
			path = redBlueUITests;
			sourceTree = "<group>";
		};
/* End PBXGroup section */

/* Begin PBXNativeTarget section */
		B7C263F81C8709E90014AFB2 /* redBlue */ = {
			isa = PBXNativeTarget;
			buildConfigurationList = B7C264211C8709E90014AFB2 /* Build configuration list for PBXNativeTarget "redBlue" */;
			buildPhases = (
				B7C263F51C8709E90014AFB2 /* Sources */,
				B7C263F61C8709E90014AFB2 /* Frameworks */,
				B7C263F71C8709E90014AFB2 /* Resources */,
			);
			buildRules = (
			);
			dependencies = (
			);
			name = redBlue;
			productName = redBlue;
			productReference = B7C263F91C8709E90014AFB2 /* redBlue.app */;
			productType = "com.apple.product-type.application";
		};
		B7C2640C1C8709E90014AFB2 /* redBlueTests */ = {
			isa = PBXNativeTarget;
			buildConfigurationList = B7C264241C8709E90014AFB2 /* Build configuration list for PBXNativeTarget "redBlueTests" */;
			buildPhases = (
				B7C264091C8709E90014AFB2 /* Sources */,
				B7C2640A1C8709E90014AFB2 /* Frameworks */,
				B7C2640B1C8709E90014AFB2 /* Resources */,
			);
			buildRules = (
			);
			dependencies = (
				B7C2640F1C8709E90014AFB2 /* PBXTargetDependency */,
			);
			name = redBlueTests;
			productName = redBlueTests;
			productReference = B7C2640D1C8709E90014AFB2 /* redBlueTests.xctest */;
			productType = "com.apple.product-type.bundle.unit-test";
		};
		B7C264171C8709E90014AFB2 /* redBlueUITests */ = {
			isa = PBXNativeTarget;
			buildConfigurationList = B7C264271C8709E90014AFB2 /* Build configuration list for PBXNativeTarget "redBlueUITests" */;
			buildPhases = (
				B7C264141C8709E90014AFB2 /* Sources */,
				B7C264151C8709E90014AFB2 /* Frameworks */,
				B7C264161C8709E90014AFB2 /* Resources */,
			);
			buildRules = (
			);
			dependencies = (
				B7C2641A1C8709E90014AFB2 /* PBXTargetDependency */,
			);
			name = redBlueUITests;
			productName = redBlueUITests;
			productReference = B7C264181C8709E90014AFB2 /* redBlueUITests.xctest */;
			productType = "com.apple.product-type.bundle.ui-testing";
		};
/* End PBXNativeTarget section */

/* Begin PBXProject section */
		B7C263F11C8709E90014AFB2 /* Project object */ = {
			isa = PBXProject;
			attributes = {
				LastSwiftUpdateCheck = 0720;
				LastUpgradeCheck = 0720;
				ORGANIZATIONNAME = "Sebastian William Nee";
				TargetAttributes = {
					B7C263F81C8709E90014AFB2 = {
						CreatedOnToolsVersion = 7.2;
						DevelopmentTeam = KS45WK5T27;
					};
					B7C2640C1C8709E90014AFB2 = {
						CreatedOnToolsVersion = 7.2;
						DevelopmentTeam = KS45WK5T27;
						TestTargetID = B7C263F81C8709E90014AFB2;
					};
					B7C264171C8709E90014AFB2 = {
						CreatedOnToolsVersion = 7.2;
						DevelopmentTeam = KS45WK5T27;
						TestTargetID = B7C263F81C8709E90014AFB2;
					};
				};
			};
			buildConfigurationList = B7C263F41C8709E90014AFB2 /* Build configuration list for PBXProject "redBlue" */;
			compatibilityVersion = "Xcode 3.2";
			developmentRegion = English;
			hasScannedForEncodings = 0;
			knownRegions = (
				en,
				Base,
			);
			mainGroup = B7C263F01C8709E90014AFB2;
			productRefGroup = B7C263FA1C8709E90014AFB2 /* Products */;
			projectDirPath = "";
			projectRoot = "";
			targets = (
				B7C263F81C8709E90014AFB2 /* redBlue */,
				B7C2640C1C8709E90014AFB2 /* redBlueTests */,
				B7C264171C8709E90014AFB2 /* redBlueUITests */,
			);
		};
/* End PBXProject section */

/* Begin PBXResourcesBuildPhase section */
		B7C263F71C8709E90014AFB2 /* Resources */ = {
			isa = PBXResourcesBuildPhase;
			buildActionMask = 2147483647;
			files = (
				B7C264071C8709E90014AFB2 /* LaunchScreen.storyboard in Resources */,
				B7C264041C8709E90014AFB2 /* Assets.xcassets in Resources */,
				B7C264021C8709E90014AFB2 /* Main.storyboard in Resources */,
			);
			runOnlyForDeploymentPostprocessing = 0;
		};
		B7C2640B1C8709E90014AFB2 /* Resources */ = {
			isa = PBXResourcesBuildPhase;
			buildActionMask = 2147483647;
			files = (
			);
			runOnlyForDeploymentPostprocessing = 0;
		};
		B7C264161C8709E90014AFB2 /* Resources */ = {
			isa = PBXResourcesBuildPhase;
			buildActionMask = 2147483647;
			files = (
			);
			runOnlyForDeploymentPostprocessing = 0;
		};
/* End PBXResourcesBuildPhase section */

/* Begin PBXSourcesBuildPhase section */
		B7C263F51C8709E90014AFB2 /* Sources */ = {
			isa = PBXSourcesBuildPhase;
			buildActionMask = 2147483647;
			files = (
				B7C263FF1C8709E90014AFB2 /* ViewController.swift in Sources */,
				B7C263FD1C8709E90014AFB2 /* AppDelegate.swift in Sources */,
			);
			runOnlyForDeploymentPostprocessing = 0;
		};
		B7C264091C8709E90014AFB2 /* Sources */ = {
			isa = PBXSourcesBuildPhase;
			buildActionMask = 2147483647;
			files = (
				B7C264121C8709E90014AFB2 /* redBlueTests.swift in Sources */,
			);
			runOnlyForDeploymentPostprocessing = 0;
		};
		B7C264141C8709E90014AFB2 /* Sources */ = {
			isa = PBXSourcesBuildPhase;
			buildActionMask = 2147483647;
			files = (
				B7C2641D1C8709E90014AFB2 /* redBlueUITests.swift in Sources */,
			);
			runOnlyForDeploymentPostprocessing = 0;
		};
/* End PBXSourcesBuildPhase section */

/* Begin PBXTargetDependency section */
		B7C2640F1C8709E90014AFB2 /* PBXTargetDependency */ = {
			isa = PBXTargetDependency;
			target = B7C263F81C8709E90014AFB2 /* redBlue */;
			targetProxy = B7C2640E1C8709E90014AFB2 /* PBXContainerItemProxy */;
		};
		B7C2641A1C8709E90014AFB2 /* PBXTargetDependency */ = {
			isa = PBXTargetDependency;
			target = B7C263F81C8709E90014AFB2 /* redBlue */;
			targetProxy = B7C264191C8709E90014AFB2 /* PBXContainerItemProxy */;
		};
/* End PBXTargetDependency section */

/* Begin PBXVariantGroup section */
		B7C264001C8709E90014AFB2 /* Main.storyboard */ = {
			isa = PBXVariantGroup;
			children = (
				B7C264011C8709E90014AFB2 /* Base */,
			);
			name = Main.storyboard;
			sourceTree = "<group>";
		};
		B7C264051C8709E90014AFB2 /* LaunchScreen.storyboard */ = {
			isa = PBXVariantGroup;
			children = (
				B7C264061C8709E90014AFB2 /* Base */,
			);
			name = LaunchScreen.storyboard;
			sourceTree = "<group>";
		};
/* End PBXVariantGroup section */

/* Begin XCBuildConfiguration section */
		B7C2641F1C8709E90014AFB2 /* Debug */ = {
			isa = XCBuildConfiguration;
			buildSettings = {
				ALWAYS_SEARCH_USER_PATHS = NO;
				CLANG_CXX_LANGUAGE_STANDARD = "gnu++0x";
				CLANG_CXX_LIBRARY = "libc++";
				CLANG_ENABLE_MODULES = YES;
				CLANG_ENABLE_OBJC_ARC = YES;
				CLANG_WARN_BOOL_CONVERSION = YES;
				CLANG_WARN_CONSTANT_CONVERSION = YES;
				CLANG_WARN_DIRECT_OBJC_ISA_USAGE = YES_ERROR;
				CLANG_WARN_EMPTY_BODY = YES;
				CLANG_WARN_ENUM_CONVERSION = YES;
				CLANG_WARN_INT_CONVERSION = YES;
				CLANG_WARN_OBJC_ROOT_CLASS = YES_ERROR;
				CLANG_WARN_UNREACHABLE_CODE = YES;
				CLANG_WARN__DUPLICATE_METHOD_MATCH = YES;
				"CODE_SIGN_IDENTITY[sdk=iphoneos*]" = "iPhone Developer";
				COPY_PHASE_STRIP = NO;
				DEBUG_INFORMATION_FORMAT = dwarf;
				ENABLE_STRICT_OBJC_MSGSEND = YES;
				ENABLE_TESTABILITY = YES;
				GCC_C_LANGUAGE_STANDARD = gnu99;
				GCC_DYNAMIC_NO_PIC = NO;
				GCC_NO_COMMON_BLOCKS = YES;
				GCC_OPTIMIZATION_LEVEL = 0;
				GCC_PREPROCESSOR_DEFINITIONS = (
					"DEBUG=1",
					"$(inherited)",
				);
				GCC_WARN_64_TO_32_BIT_CONVERSION = YES;
				GCC_WARN_ABOUT_RETURN_TYPE = YES_ERROR;
				GCC_WARN_UNDECLARED_SELECTOR = YES;
				GCC_WARN_UNINITIALIZED_AUTOS = YES_AGGRESSIVE;
				GCC_WARN_UNUSED_FUNCTION = YES;
				GCC_WARN_UNUSED_VARIABLE = YES;
				IPHONEOS_DEPLOYMENT_TARGET = 9.2;
				MTL_ENABLE_DEBUG_INFO = YES;
				ONLY_ACTIVE_ARCH = YES;
				SDKROOT = iphoneos;
				SWIFT_OPTIMIZATION_LEVEL = "-Onone";
			};
			name = Debug;
		};
		B7C264201C8709E90014AFB2 /* Release */ = {
			isa = XCBuildConfiguration;
			buildSettings = {
				ALWAYS_SEARCH_USER_PATHS = NO;
				CLANG_CXX_LANGUAGE_STANDARD = "gnu++0x";
				CLANG_CXX_LIBRARY = "libc++";
				CLANG_ENABLE_MODULES = YES;
				CLANG_ENABLE_OBJC_ARC = YES;
				CLANG_WARN_BOOL_CONVERSION = YES;
				CLANG_WARN_CONSTANT_CONVERSION = YES;
				CLANG_WARN_DIRECT_OBJC_ISA_USAGE = YES_ERROR;
				CLANG_WARN_EMPTY_BODY = YES;
				CLANG_WARN_ENUM_CONVERSION = YES;
				CLANG_WARN_INT_CONVERSION = YES;
				CLANG_WARN_OBJC_ROOT_CLASS = YES_ERROR;
				CLANG_WARN_UNREACHABLE_CODE = YES;
				CLANG_WARN__DUPLICATE_METHOD_MATCH = YES;
				"CODE_SIGN_IDENTITY[sdk=iphoneos*]" = "iPhone Developer";
				COPY_PHASE_STRIP = NO;
				DEBUG_INFORMATION_FORMAT = "dwarf-with-dsym";
				ENABLE_NS_ASSERTIONS = NO;
				ENABLE_STRICT_OBJC_MSGSEND = YES;
				GCC_C_LANGUAGE_STANDARD = gnu99;
				GCC_NO_COMMON_BLOCKS = YES;
				GCC_WARN_64_TO_32_BIT_CONVERSION = YES;
				GCC_WARN_ABOUT_RETURN_TYPE = YES_ERROR;
				GCC_WARN_UNDECLARED_SELECTOR = YES;
				GCC_WARN_UNINITIALIZED_AUTOS = YES_AGGRESSIVE;
				GCC_WARN_UNUSED_FUNCTION = YES;
				GCC_WARN_UNUSED_VARIABLE = YES;
				IPHONEOS_DEPLOYMENT_TARGET = 9.2;
				MTL_ENABLE_DEBUG_INFO = NO;
				SDKROOT = iphoneos;
				VALIDATE_PRODUCT = YES;
			};
			name = Release;
		};
		B7C264221C8709E90014AFB2 /* Debug */ = {
			isa = XCBuildConfiguration;
			buildSettings = {
				ASSETCATALOG_COMPILER_APPICON_NAME = AppIcon;
				INFOPLIST_FILE = redBlue/Info.plist;
				LD_RUNPATH_SEARCH_PATHS = "$(inherited) @executable_path/Frameworks";
				PRODUCT_BUNDLE_IDENTIFIER = com.sebaswnd.superCool.redBlue;
				PRODUCT_NAME = "$(TARGET_NAME)";
			};
			name = Debug;
		};
		B7C264231C8709E90014AFB2 /* Release */ = {
			isa = XCBuildConfiguration;
			buildSettings = {
				ASSETCATALOG_COMPILER_APPICON_NAME = AppIcon;
				INFOPLIST_FILE = redBlue/Info.plist;
				LD_RUNPATH_SEARCH_PATHS = "$(inherited) @executable_path/Frameworks";
				PRODUCT_BUNDLE_IDENTIFIER = com.sebaswnd.superCool.redBlue;
				PRODUCT_NAME = "$(TARGET_NAME)";
			};
			name = Release;
		};
		B7C264251C8709E90014AFB2 /* Debug */ = {
			isa = XCBuildConfiguration;
			buildSettings = {
				BUNDLE_LOADER = "$(TEST_HOST)";
				INFOPLIST_FILE = redBlueTests/Info.plist;
				LD_RUNPATH_SEARCH_PATHS = "$(inherited) @executable_path/Frameworks @loader_path/Frameworks";
				PRODUCT_BUNDLE_IDENTIFIER = com.sebaswnd.superCool.redBlueTests;
				PRODUCT_NAME = "$(TARGET_NAME)";
				TEST_HOST = "$(BUILT_PRODUCTS_DIR)/redBlue.app/redBlue";
			};
			name = Debug;
		};
		B7C264261C8709E90014AFB2 /* Release */ = {
			isa = XCBuildConfiguration;
			buildSettings = {
				BUNDLE_LOADER = "$(TEST_HOST)";
				INFOPLIST_FILE = redBlueTests/Info.plist;
				LD_RUNPATH_SEARCH_PATHS = "$(inherited) @executable_path/Frameworks @loader_path/Frameworks";
				PRODUCT_BUNDLE_IDENTIFIER = com.sebaswnd.superCool.redBlueTests;
				PRODUCT_NAME = "$(TARGET_NAME)";
				TEST_HOST = "$(BUILT_PRODUCTS_DIR)/redBlue.app/redBlue";
			};
			name = Release;
		};
		B7C264281C8709E90014AFB2 /* Debug */ = {
			isa = XCBuildConfiguration;
			buildSettings = {
				INFOPLIST_FILE = redBlueUITests/Info.plist;
				LD_RUNPATH_SEARCH_PATHS = "$(inherited) @executable_path/Frameworks @loader_path/Frameworks";
				PRODUCT_BUNDLE_IDENTIFIER = com.sebaswnd.superCool.redBlueUITests;
				PRODUCT_NAME = "$(TARGET_NAME)";
				TEST_TARGET_NAME = redBlue;
				USES_XCTRUNNER = YES;
			};
			name = Debug;
		};
		B7C264291C8709E90014AFB2 /* Release */ = {
			isa = XCBuildConfiguration;
			buildSettings = {
				INFOPLIST_FILE = redBlueUITests/Info.plist;
				LD_RUNPATH_SEARCH_PATHS = "$(inherited) @executable_path/Frameworks @loader_path/Frameworks";
				PRODUCT_BUNDLE_IDENTIFIER = com.sebaswnd.superCool.redBlueUITests;
				PRODUCT_NAME = "$(TARGET_NAME)";
				TEST_TARGET_NAME = redBlue;
				USES_XCTRUNNER = YES;
			};
			name = Release;
		};
/* End XCBuildConfiguration section */

/* Begin XCConfigurationList section */
		B7C263F41C8709E90014AFB2 /* Build configuration list for PBXProject "redBlue" */ = {
			isa = XCConfigurationList;
			buildConfigurations = (
				B7C2641F1C8709E90014AFB2 /* Debug */,
				B7C264201C8709E90014AFB2 /* Release */,
			);
			defaultConfigurationIsVisible = 0;
			defaultConfigurationName = Release;
		};
		B7C264211C8709E90014AFB2 /* Build configuration list for PBXNativeTarget "redBlue" */ = {
			isa = XCConfigurationList;
			buildConfigurations = (
				B7C264221C8709E90014AFB2 /* Debug */,
				B7C264231C8709E90014AFB2 /* Release */,
			);
			defaultConfigurationIsVisible = 0;
		};
		B7C264241C8709E90014AFB2 /* Build configuration list for PBXNativeTarget "redBlueTests" */ = {
			isa = XCConfigurationList;
			buildConfigurations = (
				B7C264251C8709E90014AFB2 /* Debug */,
				B7C264261C8709E90014AFB2 /* Release */,
			);
			defaultConfigurationIsVisible = 0;
		};
		B7C264271C8709E90014AFB2 /* Build configuration list for PBXNativeTarget "redBlueUITests" */ = {
			isa = XCConfigurationList;
			buildConfigurations = (
				B7C264281C8709E90014AFB2 /* Debug */,
				B7C264291C8709E90014AFB2 /* Release */,
			);
			defaultConfigurationIsVisible = 0;
		};
/* End XCConfigurationList section */
	};
	rootObject = B7C263F11C8709E90014AFB2 /* Project object */;
}
